// !$*UTF8*$!
{
	archiveVersion = 1;
	classes = {
	};
	objectVersion = 46;
	objects = {

/* Begin PBXBuildFile section */
		CD5822121BF650F700572050 /* AppDelegate.swift in Sources */ = {isa = PBXBuildFile; fileRef = CD5822111BF650F700572050 /* AppDelegate.swift */; };
		CD5822141BF650F700572050 /* ViewController.swift in Sources */ = {isa = PBXBuildFile; fileRef = CD5822131BF650F700572050 /* ViewController.swift */; };
		CD5822171BF650F700572050 /* Main.storyboard in Resources */ = {isa = PBXBuildFile; fileRef = CD5822151BF650F700572050 /* Main.storyboard */; };
		CD5822191BF650F700572050 /* Assets.xcassets in Resources */ = {isa = PBXBuildFile; fileRef = CD5822181BF650F700572050 /* Assets.xcassets */; };
		CD58221C1BF650F700572050 /* LaunchScreen.storyboard in Resources */ = {isa = PBXBuildFile; fileRef = CD58221A1BF650F700572050 /* LaunchScreen.storyboard */; };
/* End PBXBuildFile section */

/* Begin PBXFileReference section */
		CD58220E1BF650F700572050 /* Multiplier.app */ = {isa = PBXFileReference; explicitFileType = wrapper.application; includeInIndex = 0; path = Multiplier.app; sourceTree = BUILT_PRODUCTS_DIR; };
		CD5822111BF650F700572050 /* AppDelegate.swift */ = {isa = PBXFileReference; lastKnownFileType = sourcecode.swift; path = AppDelegate.swift; sourceTree = "<group>"; };
		CD5822131BF650F700572050 /* ViewController.swift */ = {isa = PBXFileReference; lastKnownFileType = sourcecode.swift; path = ViewController.swift; sourceTree = "<group>"; };
		CD5822161BF650F700572050 /* Base */ = {isa = PBXFileReference; lastKnownFileType = file.storyboard; name = Base; path = Base.lproj/Main.storyboard; sourceTree = "<group>"; };
		CD5822181BF650F700572050 /* Assets.xcassets */ = {isa = PBXFileReference; lastKnownFileType = folder.assetcatalog; path = Assets.xcassets; sourceTree = "<group>"; };
		CD58221B1BF650F700572050 /* Base */ = {isa = PBXFileReference; lastKnownFileType = file.storyboard; name = Base; path = Base.lproj/LaunchScreen.storyboard; sourceTree = "<group>"; };
		CD58221D1BF650F700572050 /* Info.plist */ = {isa = PBXFileReference; lastKnownFileType = text.plist.xml; path = Info.plist; sourceTree = "<group>"; };
/* End PBXFileReference section */

/* Begin PBXFrameworksBuildPhase section */
		CD58220B1BF650F600572050 /* Frameworks */ = {
			isa = PBXFrameworksBuildPhase;
			buildActionMask = 2147483647;
			files = (
			);
			runOnlyForDeploymentPostprocessing = 0;
		};
/* End PBXFrameworksBuildPhase section */

/* Begin PBXGroup section */
		CD5822051BF650F600572050 = {
			isa = PBXGroup;
			children = (
				CD5822101BF650F700572050 /* Multiplier */,
				CD58220F1BF650F700572050 /* Products */,
			);
			sourceTree = "<group>";
		};
		CD58220F1BF650F700572050 /* Products */ = {
			isa = PBXGroup;
			children = (
				CD58220E1BF650F700572050 /* Multiplier.app */,
			);
			name = Products;
			sourceTree = "<group>";
		};
		CD5822101BF650F700572050 /* Multiplier */ = {
			isa = PBXGroup;
			children = (
				CD5822111BF650F700572050 /* AppDelegate.swift */,
				CD5822131BF650F700572050 /* ViewController.swift */,
				CD5822151BF650F700572050 /* Main.storyboard */,
				CD5822181BF650F700572050 /* Assets.xcassets */,
				CD58221A1BF650F700572050 /* LaunchScreen.storyboard */,
				CD58221D1BF650F700572050 /* Info.plist */,
			);
			path = Multiplier;
			sourceTree = "<group>";
		};
/* End PBXGroup section */

/* Begin PBXNativeTarget section */
		CD58220D1BF650F600572050 /* Multiplier */ = {
			isa = PBXNativeTarget;
			buildConfigurationList = CD5822201BF650F700572050 /* Build configuration list for PBXNativeTarget "Multiplier" */;
			buildPhases = (
				CD58220A1BF650F600572050 /* Sources */,
				CD58220B1BF650F600572050 /* Frameworks */,
				CD58220C1BF650F600572050 /* Resources */,
			);
			buildRules = (
			);
			dependencies = (
			);
			name = Multiplier;
			productName = Multiplier;
			productReference = CD58220E1BF650F700572050 /* Multiplier.app */;
			productType = "com.apple.product-type.application";
		};
/* End PBXNativeTarget section */

/* Begin PBXProject section */
		CD5822061BF650F600572050 /* Project object */ = {
			isa = PBXProject;
			attributes = {
				LastUpgradeCheck = 0710;
				ORGANIZATIONNAME = "shawn murray";
				TargetAttributes = {
					CD58220D1BF650F600572050 = {
						CreatedOnToolsVersion = 7.1;
						DevelopmentTeam = YBE5448SV3;
					};
				};
			};
			buildConfigurationList = CD5822091BF650F600572050 /* Build configuration list for PBXProject "Multiplier" */;
			compatibilityVersion = "Xcode 3.2";
			developmentRegion = English;
			hasScannedForEncodings = 0;
			knownRegions = (
				en,
				Base,
			);
			mainGroup = CD5822051BF650F600572050;
			productRefGroup = CD58220F1BF650F700572050 /* Products */;
			projectDirPath = "";
			projectRoot = "";
			targets = (
				CD58220D1BF650F600572050 /* Multiplier */,
			);
		};
/* End PBXProject section */

/* Begin PBXResourcesBuildPhase section */
		CD58220C1BF650F600572050 /* Resources */ = {
			isa = PBXResourcesBuildPhase;
			buildActionMask = 2147483647;
			files = (
				CD58221C1BF650F700572050 /* LaunchScreen.storyboard in Resources */,
				CD5822191BF650F700572050 /* Assets.xcassets in Resources */,
				CD5822171BF650F700572050 /* Main.storyboard in Resources */,
			);
			runOnlyForDeploymentPostprocessing = 0;
		};
/* End PBXResourcesBuildPhase section */

/* Begin PBXSourcesBuildPhase section */
		CD58220A1BF650F600572050 /* Sources */ = {
			isa = PBXSourcesBuildPhase;
			buildActionMask = 2147483647;
			files = (
				CD5822141BF650F700572050 /* ViewController.swift in Sources */,
				CD5822121BF650F700572050 /* AppDelegate.swift in Sources */,
			);
			runOnlyForDeploymentPostprocessing = 0;
		};
/* End PBXSourcesBuildPhase section */

/* Begin PBXVariantGroup section */
		CD5822151BF650F700572050 /* Main.storyboard */ = {
			isa = PBXVariantGroup;
			children = (
				CD5822161BF650F700572050 /* Base */,
			);
			name = Main.storyboard;
			sourceTree = "<group>";
		};
		CD58221A1BF650F700572050 /* LaunchScreen.storyboard */ = {
			isa = PBXVariantGroup;
			children = (
				CD58221B1BF650F700572050 /* Base */,
			);
			name = LaunchScreen.storyboard;
			sourceTree = "<group>";
		};
/* End PBXVariantGroup section */

/* Begin XCBuildConfiguration section */
		CD58221E1BF650F700572050 /* Debug */ = {
			isa = XCBuildConfiguration;
			buildSettings = {
				ALWAYS_SEARCH_USER_PATHS = NO;
				CLANG_CXX_LANGUAGE_STANDARD = "gnu++0x";
				CLANG_CXX_LIBRARY = "libc++";
				CLANG_ENABLE_MODULES = YES;
				CLANG_ENABLE_OBJC_ARC = YES;
				CLANG_WARN_BOOL_CONVERSION = YES;
				CLANG_WARN_CONSTANT_CONVERSION = YES;
				CLANG_WARN_DIRECT_OBJC_ISA_USAGE = YES_ERROR;
				CLANG_WARN_EMPTY_BODY = YES;
				CLANG_WARN_ENUM_CONVERSION = YES;
				CLANG_WARN_INT_CONVERSION = YES;
				CLANG_WARN_OBJC_ROOT_CLASS = YES_ERROR;
				CLANG_WARN_UNREACHABLE_CODE = YES;
				CLANG_WARN__DUPLICATE_METHOD_MATCH = YES;
				"CODE_SIGN_IDENTITY[sdk=iphoneos*]" = "iPhone Developer";
				COPY_PHASE_STRIP = NO;
				DEBUG_INFORMATION_FORMAT = dwarf;
				ENABLE_STRICT_OBJC_MSGSEND = YES;
				ENABLE_TESTABILITY = YES;
				GCC_C_LANGUAGE_STANDARD = gnu99;
				GCC_DYNAMIC_NO_PIC = NO;
				GCC_NO_COMMON_BLOCKS = YES;
				GCC_OPTIMIZATION_LEVEL = 0;
				GCC_PREPROCESSOR_DEFINITIONS = (
					"DEBUG=1",
					"$(inherited)",
				);
				GCC_WARN_64_TO_32_BIT_CONVERSION = YES;
				GCC_WARN_ABOUT_RETURN_TYPE = YES_ERROR;
				GCC_WARN_UNDECLARED_SELECTOR = YES;
				GCC_WARN_UNINITIALIZED_AUTOS = YES_AGGRESSIVE;
				GCC_WARN_UNUSED_FUNCTION = YES;
				GCC_WARN_UNUSED_VARIABLE = YES;
				IPHONEOS_DEPLOYMENT_TARGET = 9.1;
				MTL_ENABLE_DEBUG_INFO = YES;
				ONLY_ACTIVE_ARCH = YES;
				SDKROOT = iphoneos;
				SWIFT_OPTIMIZATION_LEVEL = "-Onone";
			};
			name = Debug;
		};
		CD58221F1BF650F700572050 /* Release */ = {
			isa = XCBuildConfiguration;
			buildSettings = {
				ALWAYS_SEARCH_USER_PATHS = NO;
				CLANG_CXX_LANGUAGE_STANDARD = "gnu++0x";
				CLANG_CXX_LIBRARY = "libc++";
				CLANG_ENABLE_MODULES = YES;
				CLANG_ENABLE_OBJC_ARC = YES;
				CLANG_WARN_BOOL_CONVERSION = YES;
				CLANG_WARN_CONSTANT_CONVERSION = YES;
				CLANG_WARN_DIRECT_OBJC_ISA_USAGE = YES_ERROR;
				CLANG_WARN_EMPTY_BODY = YES;
				CLANG_WARN_ENUM_CONVERSION = YES;
				CLANG_WARN_INT_CONVERSION = YES;
				CLANG_WARN_OBJC_ROOT_CLASS = YES_ERROR;
				CLANG_WARN_UNREACHABLE_CODE = YES;
				CLANG_WARN__DUPLICATE_METHOD_MATCH = YES;
				"CODE_SIGN_IDENTITY[sdk=iphoneos*]" = "iPhone Developer";
				COPY_PHASE_STRIP = NO;
				DEBUG_INFORMATION_FORMAT = "dwarf-with-dsym";
				ENABLE_NS_ASSERTIONS = NO;
				ENABLE_STRICT_OBJC_MSGSEND = YES;
				GCC_C_LANGUAGE_STANDARD = gnu99;
				GCC_NO_COMMON_BLOCKS = YES;
				GCC_WARN_64_TO_32_BIT_CONVERSION = YES;
				GCC_WARN_ABOUT_RETURN_TYPE = YES_ERROR;
				GCC_WARN_UNDECLARED_SELECTOR = YES;
				GCC_WARN_UNINITIALIZED_AUTOS = YES_AGGRESSIVE;
				GCC_WARN_UNUSED_FUNCTION = YES;
				GCC_WARN_UNUSED_VARIABLE = YES;
				IPHONEOS_DEPLOYMENT_TARGET = 9.1;
				MTL_ENABLE_DEBUG_INFO = NO;
				SDKROOT = iphoneos;
				VALIDATE_PRODUCT = YES;
			};
			name = Release;
		};
		CD5822211BF650F700572050 /* Debug */ = {
			isa = XCBuildConfiguration;
			buildSettings = {
				ASSETCATALOG_COMPILER_APPICON_NAME = AppIcon;
				INFOPLIST_FILE = Multiplier/Info.plist;
				LD_RUNPATH_SEARCH_PATHS = "$(inherited) @executable_path/Frameworks";
				PRODUCT_BUNDLE_IDENTIFIER = com.Project.Multiplier;
				PRODUCT_NAME = "$(TARGET_NAME)";
			};
			name = Debug;
		};
		CD5822221BF650F700572050 /* Release */ = {
			isa = XCBuildConfiguration;
			buildSettings = {
				ASSETCATALOG_COMPILER_APPICON_NAME = AppIcon;
				INFOPLIST_FILE = Multiplier/Info.plist;
				LD_RUNPATH_SEARCH_PATHS = "$(inherited) @executable_path/Frameworks";
				PRODUCT_BUNDLE_IDENTIFIER = com.Project.Multiplier;
				PRODUCT_NAME = "$(TARGET_NAME)";
			};
			name = Release;
		};
/* End XCBuildConfiguration section */

/* Begin XCConfigurationList section */
		CD5822091BF650F600572050 /* Build configuration list for PBXProject "Multiplier" */ = {
			isa = XCConfigurationList;
			buildConfigurations = (
				CD58221E1BF650F700572050 /* Debug */,
				CD58221F1BF650F700572050 /* Release */,
			);
			defaultConfigurationIsVisible = 0;
			defaultConfigurationName = Release;
		};
		CD5822201BF650F700572050 /* Build configuration list for PBXNativeTarget "Multiplier" */ = {
			isa = XCConfigurationList;
			buildConfigurations = (
				CD5822211BF650F700572050 /* Debug */,
				CD5822221BF650F700572050 /* Release */,
			);
			defaultConfigurationIsVisible = 0;
		};
/* End XCConfigurationList section */
	};
	rootObject = CD5822061BF650F600572050 /* Project object */;
}
